
Microsoft Visual Studio Solution File, Format Version 12.00
# Visual Studio Version 17
VisualStudioVersion = 17.13.35931.197
MinimumVisualStudioVersion = 10.0.40219.1
Project("{FAE04EC0-301F-11D3-BF4B-00C04F79EFBC}") = "TubesKPL_KitaBelajar", "TubesKPL_KitaBelajar\TubesKPL_KitaBelajar.csproj", "{70C9AB75-CCDC-4CE1-A7DE-BFAE83FEB900}"
EndProject
Project("{FAE04EC0-301F-11D3-BF4B-00C04F79EFBC}") = "VideoEdukasi", "VideoEdukasi\VideoEdukasi.csproj", "{D44B35A5-4984-4531-9820-46382986FE4E}"
EndProject
Global
	GlobalSection(SolutionConfigurationPlatforms) = preSolution
		Debug|Any CPU = Debug|Any CPU
		Release|Any CPU = Release|Any CPU
	EndGlobalSection
	GlobalSection(ProjectConfigurationPlatforms) = postSolution
		{70C9AB75-CCDC-4CE1-A7DE-BFAE83FEB900}.Debug|Any CPU.ActiveCfg = Debug|Any CPU
		{70C9AB75-CCDC-4CE1-A7DE-BFAE83FEB900}.Debug|Any CPU.Build.0 = Debug|Any CPU
		{70C9AB75-CCDC-4CE1-A7DE-BFAE83FEB900}.Release|Any CPU.ActiveCfg = Release|Any CPU
		{70C9AB75-CCDC-4CE1-A7DE-BFAE83FEB900}.Release|Any CPU.Build.0 = Release|Any CPU
		{D44B35A5-4984-4531-9820-46382986FE4E}.Debug|Any CPU.ActiveCfg = Debug|Any CPU
		{D44B35A5-4984-4531-9820-46382986FE4E}.Debug|Any CPU.Build.0 = Debug|Any CPU
		{D44B35A5-4984-4531-9820-46382986FE4E}.Release|Any CPU.ActiveCfg = Release|Any CPU
		{D44B35A5-4984-4531-9820-46382986FE4E}.Release|Any CPU.Build.0 = Release|Any CPU
	EndGlobalSection
	GlobalSection(SolutionProperties) = preSolution
		HideSolutionNode = FALSE
	EndGlobalSection
	GlobalSection(ExtensibilityGlobals) = postSolution
		SolutionGuid = {DB8FAB57-A10A-4E12-829D-81CD5A2B96AD}
	EndGlobalSection
EndGlobal
